
Microsoft Visual Studio Solution File, Format Version 12.00
# Visual Studio Version 17
VisualStudioVersion = 17.3.32819.101
MinimumVisualStudioVersion = 10.0.40219.1
Project("{FAE04EC0-301F-11D3-BF4B-00C04F79EFBC}") = "Ball", "Ball\Ball.csproj", "{6E306910-23A9-4FD5-89A1-3B10EE0D5D1D}"
EndProject
Global
	GlobalSection(SolutionConfigurationPlatforms) = preSolution
		Debug|Any CPU = Debug|Any CPU
		Release|Any CPU = Release|Any CPU
	EndGlobalSection
	GlobalSection(ProjectConfigurationPlatforms) = postSolution
		{6E306910-23A9-4FD5-89A1-3B10EE0D5D1D}.Debug|Any CPU.ActiveCfg = Debug|Any CPU
		{6E306910-23A9-4FD5-89A1-3B10EE0D5D1D}.Debug|Any CPU.Build.0 = Debug|Any CPU
		{6E306910-23A9-4FD5-89A1-3B10EE0D5D1D}.Release|Any CPU.ActiveCfg = Release|Any CPU
		{6E306910-23A9-4FD5-89A1-3B10EE0D5D1D}.Release|Any CPU.Build.0 = Release|Any CPU
	EndGlobalSection
	GlobalSection(SolutionProperties) = preSolution
		HideSolutionNode = FALSE
	EndGlobalSection
	GlobalSection(ExtensibilityGlobals) = postSolution
		SolutionGuid = {90D36B31-A5C2-4B71-8CBE-9ACA0ECE12EC}
	EndGlobalSection
EndGlobal
